
Microsoft Visual Studio Solution File, Format Version 12.00
# Visual Studio Version 17
VisualStudioVersion = 17.12.35527.113 d17.12
MinimumVisualStudioVersion = 10.0.40219.1
Project("{FAE04EC0-301F-11D3-BF4B-00C04F79EFBC}") = "Company.Zeinab4.PL", "Company.Zeinab4.PL\Company.Zeinab4.PL.csproj", "{287E398B-DC4D-48B4-B223-48569C09EE39}"
EndProject
Project("{FAE04EC0-301F-11D3-BF4B-00C04F79EFBC}") = "Company.Zeinab4.DAL", "Company.Zeinab4.DAL\Company.Zeinab4.DAL.csproj", "{FF4DE658-1739-4A4D-ADC2-F27D501EE63E}"
EndProject
Project("{FAE04EC0-301F-11D3-BF4B-00C04F79EFBC}") = "Company.Zeinab4.BLL", "Company.Zeinab4.BLL\Company.Zeinab4.BLL.csproj", "{4D6D51AD-C9A5-446A-943C-98EB48E6BB4E}"
EndProject
Global
	GlobalSection(SolutionConfigurationPlatforms) = preSolution
		Debug|Any CPU = Debug|Any CPU
		Release|Any CPU = Release|Any CPU
	EndGlobalSection
	GlobalSection(ProjectConfigurationPlatforms) = postSolution
		{287E398B-DC4D-48B4-B223-48569C09EE39}.Debug|Any CPU.ActiveCfg = Debug|Any CPU
		{287E398B-DC4D-48B4-B223-48569C09EE39}.Debug|Any CPU.Build.0 = Debug|Any CPU
		{287E398B-DC4D-48B4-B223-48569C09EE39}.Release|Any CPU.ActiveCfg = Release|Any CPU
		{287E398B-DC4D-48B4-B223-48569C09EE39}.Release|Any CPU.Build.0 = Release|Any CPU
		{FF4DE658-1739-4A4D-ADC2-F27D501EE63E}.Debug|Any CPU.ActiveCfg = Debug|Any CPU
		{FF4DE658-1739-4A4D-ADC2-F27D501EE63E}.Debug|Any CPU.Build.0 = Debug|Any CPU
		{FF4DE658-1739-4A4D-ADC2-F27D501EE63E}.Release|Any CPU.ActiveCfg = Release|Any CPU
		{FF4DE658-1739-4A4D-ADC2-F27D501EE63E}.Release|Any CPU.Build.0 = Release|Any CPU
		{4D6D51AD-C9A5-446A-943C-98EB48E6BB4E}.Debug|Any CPU.ActiveCfg = Debug|Any CPU
		{4D6D51AD-C9A5-446A-943C-98EB48E6BB4E}.Debug|Any CPU.Build.0 = Debug|Any CPU
		{4D6D51AD-C9A5-446A-943C-98EB48E6BB4E}.Release|Any CPU.ActiveCfg = Release|Any CPU
		{4D6D51AD-C9A5-446A-943C-98EB48E6BB4E}.Release|Any CPU.Build.0 = Release|Any CPU
	EndGlobalSection
	GlobalSection(SolutionProperties) = preSolution
		HideSolutionNode = FALSE
	EndGlobalSection
EndGlobal
